
Microsoft Visual Studio Solution File, Format Version 12.00
# Visual Studio Version 17
VisualStudioVersion = 17.9.34728.123
MinimumVisualStudioVersion = 10.0.40219.1
Project("{FAE04EC0-301F-11D3-BF4B-00C04F79EFBC}") = "DataSourceDemo", "DataSourceDemo\DataSourceDemo.csproj", "{D9BC80EA-F8D9-46DA-B93C-803EFDD43EC9}"
EndProject
Global
	GlobalSection(SolutionConfigurationPlatforms) = preSolution
		Debug|Any CPU = Debug|Any CPU
		Release|Any CPU = Release|Any CPU
	EndGlobalSection
	GlobalSection(ProjectConfigurationPlatforms) = postSolution
		{D9BC80EA-F8D9-46DA-B93C-803EFDD43EC9}.Debug|Any CPU.ActiveCfg = Debug|Any CPU
		{D9BC80EA-F8D9-46DA-B93C-803EFDD43EC9}.Debug|Any CPU.Build.0 = Debug|Any CPU
		{D9BC80EA-F8D9-46DA-B93C-803EFDD43EC9}.Release|Any CPU.ActiveCfg = Release|Any CPU
		{D9BC80EA-F8D9-46DA-B93C-803EFDD43EC9}.Release|Any CPU.Build.0 = Release|Any CPU
	EndGlobalSection
	GlobalSection(SolutionProperties) = preSolution
		HideSolutionNode = FALSE
	EndGlobalSection
	GlobalSection(ExtensibilityGlobals) = postSolution
		SolutionGuid = {11FE9E93-8CB6-49CE-B07B-E8B4F5B610BD}
	EndGlobalSection
EndGlobal
